
Microsoft Visual Studio Solution File, Format Version 12.00
# Visual Studio Version 17
VisualStudioVersion = 17.0.31606.5
MinimumVisualStudioVersion = 10.0.40219.1
Project("{FAE04EC0-301F-11D3-BF4B-00C04F79EFBC}") = "EnumerableCallSiteBugWebApp", "EnumerableCallSiteBugWebApp.csproj", "{F765E298-9EE3-46B9-BF0C-B496D4B4D267}"
EndProject
Global
	GlobalSection(SolutionConfigurationPlatforms) = preSolution
		Debug|Any CPU = Debug|Any CPU
		Release|Any CPU = Release|Any CPU
	EndGlobalSection
	GlobalSection(ProjectConfigurationPlatforms) = postSolution
		{F765E298-9EE3-46B9-BF0C-B496D4B4D267}.Debug|Any CPU.ActiveCfg = Debug|Any CPU
		{F765E298-9EE3-46B9-BF0C-B496D4B4D267}.Debug|Any CPU.Build.0 = Debug|Any CPU
		{F765E298-9EE3-46B9-BF0C-B496D4B4D267}.Release|Any CPU.ActiveCfg = Release|Any CPU
		{F765E298-9EE3-46B9-BF0C-B496D4B4D267}.Release|Any CPU.Build.0 = Release|Any CPU
	EndGlobalSection
	GlobalSection(SolutionProperties) = preSolution
		HideSolutionNode = FALSE
	EndGlobalSection
	GlobalSection(ExtensibilityGlobals) = postSolution
		SolutionGuid = {6A727A35-BD45-4949-A108-44AAF6923720}
	EndGlobalSection
EndGlobal
